
Microsoft Visual Studio Solution File, Format Version 12.00
# Visual Studio 15
VisualStudioVersion = 15.0.26403.3
MinimumVisualStudioVersion = 10.0.40219.1
Project("{9A19103F-16F7-4668-BE54-9A1E7A4F7556}") = "SSW.Right4Me.Domain", "SSW.Right4Me.Domain\SSW.Right4Me.Domain.csproj", "{D10BCB0F-729D-43C8-B822-F08117533CB6}"
EndProject
Project("{9A19103F-16F7-4668-BE54-9A1E7A4F7556}") = "SSW.Right4Me.Db", "SSW.Right4Me.Db\SSW.Right4Me.Db.csproj", "{27F243AF-1C28-40BC-88A1-3FA480911AD1}"
EndProject
Project("{9A19103F-16F7-4668-BE54-9A1E7A4F7556}") = "SSW.Right4Me.Elastic", "SSW.Right4Me.Elastic\SSW.Right4Me.Elastic.csproj", "{4FC9AFD1-728C-4FF4-89D0-9CFA9F25BFD2}"
EndProject
Project("{9A19103F-16F7-4668-BE54-9A1E7A4F7556}") = "SSW.Right4Me.WebUI", "SSW.Right4Me.WebUI\SSW.Right4Me.WebUI.csproj", "{7E58F7AB-3A62-4D86-ACF9-FBBB4224B4C0}"
EndProject
Project("{2150E333-8FDC-42A3-9474-1A3956D46DE8}") = "Solution Items", "Solution Items", "{A6D28556-89E2-4A53-9AFD-34B5874F2EBD}"
	ProjectSection(SolutionItems) = preProject
		README.md = README.md
	EndProjectSection
EndProject
Global
	GlobalSection(SolutionConfigurationPlatforms) = preSolution
		Debug|Any CPU = Debug|Any CPU
		Release|Any CPU = Release|Any CPU
	EndGlobalSection
	GlobalSection(ProjectConfigurationPlatforms) = postSolution
		{D10BCB0F-729D-43C8-B822-F08117533CB6}.Debug|Any CPU.ActiveCfg = Debug|Any CPU
		{D10BCB0F-729D-43C8-B822-F08117533CB6}.Debug|Any CPU.Build.0 = Debug|Any CPU
		{D10BCB0F-729D-43C8-B822-F08117533CB6}.Release|Any CPU.ActiveCfg = Release|Any CPU
		{D10BCB0F-729D-43C8-B822-F08117533CB6}.Release|Any CPU.Build.0 = Release|Any CPU
		{27F243AF-1C28-40BC-88A1-3FA480911AD1}.Debug|Any CPU.ActiveCfg = Debug|Any CPU
		{27F243AF-1C28-40BC-88A1-3FA480911AD1}.Debug|Any CPU.Build.0 = Debug|Any CPU
		{27F243AF-1C28-40BC-88A1-3FA480911AD1}.Release|Any CPU.ActiveCfg = Release|Any CPU
		{27F243AF-1C28-40BC-88A1-3FA480911AD1}.Release|Any CPU.Build.0 = Release|Any CPU
		{4FC9AFD1-728C-4FF4-89D0-9CFA9F25BFD2}.Debug|Any CPU.ActiveCfg = Debug|Any CPU
		{4FC9AFD1-728C-4FF4-89D0-9CFA9F25BFD2}.Debug|Any CPU.Build.0 = Debug|Any CPU
		{4FC9AFD1-728C-4FF4-89D0-9CFA9F25BFD2}.Release|Any CPU.ActiveCfg = Release|Any CPU
		{4FC9AFD1-728C-4FF4-89D0-9CFA9F25BFD2}.Release|Any CPU.Build.0 = Release|Any CPU
		{7E58F7AB-3A62-4D86-ACF9-FBBB4224B4C0}.Debug|Any CPU.ActiveCfg = Debug|Any CPU
		{7E58F7AB-3A62-4D86-ACF9-FBBB4224B4C0}.Debug|Any CPU.Build.0 = Debug|Any CPU
		{7E58F7AB-3A62-4D86-ACF9-FBBB4224B4C0}.Release|Any CPU.ActiveCfg = Release|Any CPU
		{7E58F7AB-3A62-4D86-ACF9-FBBB4224B4C0}.Release|Any CPU.Build.0 = Release|Any CPU
	EndGlobalSection
	GlobalSection(SolutionProperties) = preSolution
		HideSolutionNode = FALSE
	EndGlobalSection
EndGlobal
